
Microsoft Visual Studio Solution File, Format Version 12.00
# Visual Studio Version 17
VisualStudioVersion = 17.5.002.0
MinimumVisualStudioVersion = 10.0.40219.1
Project("{9A19103F-16F7-4668-BE54-9A1E7A4F7556}") = "TodoApp", "TodoApp\TodoApp.csproj", "{A8440FD7-E68C-421A-84DB-193216D30831}"
EndProject
Global
	GlobalSection(SolutionConfigurationPlatforms) = preSolution
		Debug|Any CPU = Debug|Any CPU
		Release|Any CPU = Release|Any CPU
	EndGlobalSection
	GlobalSection(ProjectConfigurationPlatforms) = postSolution
		{A8440FD7-E68C-421A-84DB-193216D30831}.Debug|Any CPU.ActiveCfg = Debug|Any CPU
		{A8440FD7-E68C-421A-84DB-193216D30831}.Debug|Any CPU.Build.0 = Debug|Any CPU
		{A8440FD7-E68C-421A-84DB-193216D30831}.Release|Any CPU.ActiveCfg = Release|Any CPU
		{A8440FD7-E68C-421A-84DB-193216D30831}.Release|Any CPU.Build.0 = Release|Any CPU
	EndGlobalSection
	GlobalSection(SolutionProperties) = preSolution
		HideSolutionNode = FALSE
	EndGlobalSection
	GlobalSection(ExtensibilityGlobals) = postSolution
		SolutionGuid = {AD383B1D-6A2A-4C05-B0B8-669085F25D40}
	EndGlobalSection
EndGlobal
